// !$*UTF8*$!
{
	archiveVersion = 1;
	classes = {
	};
	objectVersion = 46;
	objects = {

/* Begin PBXBuildFile section */
		55116F461AF86126005D199B /* AppDelegate.swift in Sources */ = {isa = PBXBuildFile; fileRef = 55116F451AF86126005D199B /* AppDelegate.swift */; };
		55116F481AF86126005D199B /* MoviesViewController.swift in Sources */ = {isa = PBXBuildFile; fileRef = 55116F471AF86126005D199B /* MoviesViewController.swift */; };
		55116F4B1AF86126005D199B /* Main.storyboard in Resources */ = {isa = PBXBuildFile; fileRef = 55116F491AF86126005D199B /* Main.storyboard */; };
		55116F4D1AF86126005D199B /* Images.xcassets in Resources */ = {isa = PBXBuildFile; fileRef = 55116F4C1AF86126005D199B /* Images.xcassets */; };
		55116F501AF86126005D199B /* LaunchScreen.xib in Resources */ = {isa = PBXBuildFile; fileRef = 55116F4E1AF86126005D199B /* LaunchScreen.xib */; };
		55116F5C1AF86126005D199B /* RottenTomatoesTests.swift in Sources */ = {isa = PBXBuildFile; fileRef = 55116F5B1AF86126005D199B /* RottenTomatoesTests.swift */; };
		5562278A1B00713300F4C3C8 /* MovieDetailsViewController.swift in Sources */ = {isa = PBXBuildFile; fileRef = 556227891B00713300F4C3C8 /* MovieDetailsViewController.swift */; };
		D023A983EAA3BC938C06FE28 /* Pods_RottenTomatoes.framework in Frameworks */ = {isa = PBXBuildFile; fileRef = 97A95E3E0575686EF03388D3 /* Pods_RottenTomatoes.framework */; settings = {ATTRIBUTES = (Weak, ); }; };
/* End PBXBuildFile section */

/* Begin PBXContainerItemProxy section */
		55116F561AF86126005D199B /* PBXContainerItemProxy */ = {
			isa = PBXContainerItemProxy;
			containerPortal = 55116F381AF86126005D199B /* Project object */;
			proxyType = 1;
			remoteGlobalIDString = 55116F3F1AF86126005D199B;
			remoteInfo = RottenTomatoes;
		};
/* End PBXContainerItemProxy section */

/* Begin PBXFileReference section */
		55116F401AF86126005D199B /* RottenTomatoes.app */ = {isa = PBXFileReference; explicitFileType = wrapper.application; includeInIndex = 0; path = RottenTomatoes.app; sourceTree = BUILT_PRODUCTS_DIR; };
		55116F441AF86126005D199B /* Info.plist */ = {isa = PBXFileReference; lastKnownFileType = text.plist.xml; path = Info.plist; sourceTree = "<group>"; };
		55116F451AF86126005D199B /* AppDelegate.swift */ = {isa = PBXFileReference; lastKnownFileType = sourcecode.swift; path = AppDelegate.swift; sourceTree = "<group>"; };
		55116F471AF86126005D199B /* MoviesViewController.swift */ = {isa = PBXFileReference; indentWidth = 4; lastKnownFileType = sourcecode.swift; path = MoviesViewController.swift; sourceTree = "<group>"; };
		55116F4A1AF86126005D199B /* Base */ = {isa = PBXFileReference; lastKnownFileType = file.storyboard; name = Base; path = Base.lproj/Main.storyboard; sourceTree = "<group>"; };
		55116F4C1AF86126005D199B /* Images.xcassets */ = {isa = PBXFileReference; lastKnownFileType = folder.assetcatalog; path = Images.xcassets; sourceTree = "<group>"; };
		55116F4F1AF86126005D199B /* Base */ = {isa = PBXFileReference; lastKnownFileType = file.xib; name = Base; path = Base.lproj/LaunchScreen.xib; sourceTree = "<group>"; };
		55116F551AF86126005D199B /* RottenTomatoesTests.xctest */ = {isa = PBXFileReference; explicitFileType = wrapper.cfbundle; includeInIndex = 0; path = RottenTomatoesTests.xctest; sourceTree = BUILT_PRODUCTS_DIR; };
		55116F5A1AF86126005D199B /* Info.plist */ = {isa = PBXFileReference; lastKnownFileType = text.plist.xml; path = Info.plist; sourceTree = "<group>"; };
		55116F5B1AF86126005D199B /* RottenTomatoesTests.swift */ = {isa = PBXFileReference; lastKnownFileType = sourcecode.swift; path = RottenTomatoesTests.swift; sourceTree = "<group>"; };
		556227861B006C1A00F4C3C8 /* RottenTomatoes-Bridging-Header.h */ = {isa = PBXFileReference; lastKnownFileType = sourcecode.c.h; path = "RottenTomatoes-Bridging-Header.h"; sourceTree = "<group>"; };
		556227891B00713300F4C3C8 /* MovieDetailsViewController.swift */ = {isa = PBXFileReference; fileEncoding = 4; lastKnownFileType = sourcecode.swift; path = MovieDetailsViewController.swift; sourceTree = "<group>"; };
		97A95E3E0575686EF03388D3 /* Pods_RottenTomatoes.framework */ = {isa = PBXFileReference; explicitFileType = wrapper.framework; includeInIndex = 0; path = Pods_RottenTomatoes.framework; sourceTree = BUILT_PRODUCTS_DIR; };
		B1E4D4D6A49B9906954D7BC1 /* Pods-RottenTomatoes.debug.xcconfig */ = {isa = PBXFileReference; includeInIndex = 1; lastKnownFileType = text.xcconfig; name = "Pods-RottenTomatoes.debug.xcconfig"; path = "Pods/Target Support Files/Pods-RottenTomatoes/Pods-RottenTomatoes.debug.xcconfig"; sourceTree = "<group>"; };
		F5B7B171DEBF618A19005012 /* Pods-RottenTomatoes.release.xcconfig */ = {isa = PBXFileReference; includeInIndex = 1; lastKnownFileType = text.xcconfig; name = "Pods-RottenTomatoes.release.xcconfig"; path = "Pods/Target Support Files/Pods-RottenTomatoes/Pods-RottenTomatoes.release.xcconfig"; sourceTree = "<group>"; };
/* End PBXFileReference section */

/* Begin PBXFrameworksBuildPhase section */
		55116F3D1AF86126005D199B /* Frameworks */ = {
			isa = PBXFrameworksBuildPhase;
			buildActionMask = 2147483647;
			files = (
				D023A983EAA3BC938C06FE28 /* Pods_RottenTomatoes.framework in Frameworks */,
			);
			runOnlyForDeploymentPostprocessing = 0;
		};
		55116F521AF86126005D199B /* Frameworks */ = {
			isa = PBXFrameworksBuildPhase;
			buildActionMask = 2147483647;
			files = (
			);
			runOnlyForDeploymentPostprocessing = 0;
		};
/* End PBXFrameworksBuildPhase section */

/* Begin PBXGroup section */
		3B201C66E3B7F0B890E51ECD /* Frameworks */ = {
			isa = PBXGroup;
			children = (
				97A95E3E0575686EF03388D3 /* Pods_RottenTomatoes.framework */,
			);
			name = Frameworks;
			sourceTree = "<group>";
		};
		55116F371AF86126005D199B = {
			isa = PBXGroup;
			children = (
				55116F421AF86126005D199B /* RottenTomatoes */,
				55116F581AF86126005D199B /* RottenTomatoesTests */,
				55116F411AF86126005D199B /* Products */,
				97A26B122FF731C525BCFF35 /* Pods */,
				3B201C66E3B7F0B890E51ECD /* Frameworks */,
			);
			sourceTree = "<group>";
		};
		55116F411AF86126005D199B /* Products */ = {
			isa = PBXGroup;
			children = (
				55116F401AF86126005D199B /* RottenTomatoes.app */,
				55116F551AF86126005D199B /* RottenTomatoesTests.xctest */,
			);
			name = Products;
			sourceTree = "<group>";
		};
		55116F421AF86126005D199B /* RottenTomatoes */ = {
			isa = PBXGroup;
			children = (
				551B24CB1B006701003F375E /* ViewControllers */,
				55116F451AF86126005D199B /* AppDelegate.swift */,
				55116F491AF86126005D199B /* Main.storyboard */,
				55116F4C1AF86126005D199B /* Images.xcassets */,
				55116F4E1AF86126005D199B /* LaunchScreen.xib */,
				55116F431AF86126005D199B /* Supporting Files */,
				556227861B006C1A00F4C3C8 /* RottenTomatoes-Bridging-Header.h */,
			);
			path = RottenTomatoes;
			sourceTree = "<group>";
		};
		55116F431AF86126005D199B /* Supporting Files */ = {
			isa = PBXGroup;
			children = (
				55116F441AF86126005D199B /* Info.plist */,
			);
			name = "Supporting Files";
			sourceTree = "<group>";
		};
		55116F581AF86126005D199B /* RottenTomatoesTests */ = {
			isa = PBXGroup;
			children = (
				55116F5B1AF86126005D199B /* RottenTomatoesTests.swift */,
				55116F591AF86126005D199B /* Supporting Files */,
			);
			path = RottenTomatoesTests;
			sourceTree = "<group>";
		};
		55116F591AF86126005D199B /* Supporting Files */ = {
			isa = PBXGroup;
			children = (
				55116F5A1AF86126005D199B /* Info.plist */,
			);
			name = "Supporting Files";
			sourceTree = "<group>";
		};
		551B24CB1B006701003F375E /* ViewControllers */ = {
			isa = PBXGroup;
			children = (
				55116F471AF86126005D199B /* MoviesViewController.swift */,
				556227891B00713300F4C3C8 /* MovieDetailsViewController.swift */,
			);
			name = ViewControllers;
			sourceTree = "<group>";
		};
		97A26B122FF731C525BCFF35 /* Pods */ = {
			isa = PBXGroup;
			children = (
				B1E4D4D6A49B9906954D7BC1 /* Pods-RottenTomatoes.debug.xcconfig */,
				F5B7B171DEBF618A19005012 /* Pods-RottenTomatoes.release.xcconfig */,
			);
			name = Pods;
			sourceTree = "<group>";
		};
/* End PBXGroup section */

/* Begin PBXNativeTarget section */
		55116F3F1AF86126005D199B /* RottenTomatoes */ = {
			isa = PBXNativeTarget;
			buildConfigurationList = 55116F5F1AF86126005D199B /* Build configuration list for PBXNativeTarget "RottenTomatoes" */;
			buildPhases = (
				F26383E9C63E1FC1202EC44D /* Check Pods Manifest.lock */,
				55116F3C1AF86126005D199B /* Sources */,
				55116F3D1AF86126005D199B /* Frameworks */,
				55116F3E1AF86126005D199B /* Resources */,
				7693C01A0DE1996E5788E338 /* Embed Pods Frameworks */,
				1A14456E64AED0A7F6DB7B60 /* Copy Pods Resources */,
			);
			buildRules = (
			);
			dependencies = (
			);
			name = RottenTomatoes;
			productName = RottenTomatoes;
			productReference = 55116F401AF86126005D199B /* RottenTomatoes.app */;
			productType = "com.apple.product-type.application";
		};
		55116F541AF86126005D199B /* RottenTomatoesTests */ = {
			isa = PBXNativeTarget;
			buildConfigurationList = 55116F621AF86126005D199B /* Build configuration list for PBXNativeTarget "RottenTomatoesTests" */;
			buildPhases = (
				55116F511AF86126005D199B /* Sources */,
				55116F521AF86126005D199B /* Frameworks */,
				55116F531AF86126005D199B /* Resources */,
			);
			buildRules = (
			);
			dependencies = (
				55116F571AF86126005D199B /* PBXTargetDependency */,
			);
			name = RottenTomatoesTests;
			productName = RottenTomatoesTests;
			productReference = 55116F551AF86126005D199B /* RottenTomatoesTests.xctest */;
			productType = "com.apple.product-type.bundle.unit-test";
		};
/* End PBXNativeTarget section */

/* Begin PBXProject section */
		55116F381AF86126005D199B /* Project object */ = {
			isa = PBXProject;
			attributes = {
				LastUpgradeCheck = 0630;
				ORGANIZATIONNAME = "David Kuchar";
				TargetAttributes = {
					55116F3F1AF86126005D199B = {
						CreatedOnToolsVersion = 6.3.1;
					};
					55116F541AF86126005D199B = {
						CreatedOnToolsVersion = 6.3.1;
						TestTargetID = 55116F3F1AF86126005D199B;
					};
				};
			};
			buildConfigurationList = 55116F3B1AF86126005D199B /* Build configuration list for PBXProject "RottenTomatoes" */;
			compatibilityVersion = "Xcode 3.2";
			developmentRegion = English;
			hasScannedForEncodings = 0;
			knownRegions = (
				en,
				Base,
			);
			mainGroup = 55116F371AF86126005D199B;
			productRefGroup = 55116F411AF86126005D199B /* Products */;
			projectDirPath = "";
			projectRoot = "";
			targets = (
				55116F3F1AF86126005D199B /* RottenTomatoes */,
				55116F541AF86126005D199B /* RottenTomatoesTests */,
			);
		};
/* End PBXProject section */

/* Begin PBXResourcesBuildPhase section */
		55116F3E1AF86126005D199B /* Resources */ = {
			isa = PBXResourcesBuildPhase;
			buildActionMask = 2147483647;
			files = (
				55116F4B1AF86126005D199B /* Main.storyboard in Resources */,
				55116F501AF86126005D199B /* LaunchScreen.xib in Resources */,
				55116F4D1AF86126005D199B /* Images.xcassets in Resources */,
			);
			runOnlyForDeploymentPostprocessing = 0;
		};
		55116F531AF86126005D199B /* Resources */ = {
			isa = PBXResourcesBuildPhase;
			buildActionMask = 2147483647;
			files = (
			);
			runOnlyForDeploymentPostprocessing = 0;
		};
/* End PBXResourcesBuildPhase section */

/* Begin PBXShellScriptBuildPhase section */
		1A14456E64AED0A7F6DB7B60 /* Copy Pods Resources */ = {
			isa = PBXShellScriptBuildPhase;
			buildActionMask = 2147483647;
			files = (
			);
			inputPaths = (
			);
			name = "Copy Pods Resources";
			outputPaths = (
			);
			runOnlyForDeploymentPostprocessing = 0;
			shellPath = /bin/sh;
			shellScript = "\"${SRCROOT}/Pods/Target Support Files/Pods-RottenTomatoes/Pods-RottenTomatoes-resources.sh\"\n";
			showEnvVarsInLog = 0;
		};
		7693C01A0DE1996E5788E338 /* Embed Pods Frameworks */ = {
			isa = PBXShellScriptBuildPhase;
			buildActionMask = 2147483647;
			files = (
			);
			inputPaths = (
			);
			name = "Embed Pods Frameworks";
			outputPaths = (
			);
			runOnlyForDeploymentPostprocessing = 0;
			shellPath = /bin/sh;
			shellScript = "\"${SRCROOT}/Pods/Target Support Files/Pods-RottenTomatoes/Pods-RottenTomatoes-frameworks.sh\"\n";
			showEnvVarsInLog = 0;
		};
		F26383E9C63E1FC1202EC44D /* Check Pods Manifest.lock */ = {
			isa = PBXShellScriptBuildPhase;
			buildActionMask = 2147483647;
			files = (
			);
			inputPaths = (
			);
			name = "Check Pods Manifest.lock";
			outputPaths = (
			);
			runOnlyForDeploymentPostprocessing = 0;
			shellPath = /bin/sh;
			shellScript = "diff \"${PODS_ROOT}/../Podfile.lock\" \"${PODS_ROOT}/Manifest.lock\" > /dev/null\nif [[ $? != 0 ]] ; then\n    cat << EOM\nerror: The sandbox is not in sync with the Podfile.lock. Run 'pod install' or update your CocoaPods installation.\nEOM\n    exit 1\nfi\n";
			showEnvVarsInLog = 0;
		};
/* End PBXShellScriptBuildPhase section */

/* Begin PBXSourcesBuildPhase section */
		55116F3C1AF86126005D199B /* Sources */ = {
			isa = PBXSourcesBuildPhase;
			buildActionMask = 2147483647;
			files = (
				55116F481AF86126005D199B /* MoviesViewController.swift in Sources */,
				55116F461AF86126005D199B /* AppDelegate.swift in Sources */,
				5562278A1B00713300F4C3C8 /* MovieDetailsViewController.swift in Sources */,
			);
			runOnlyForDeploymentPostprocessing = 0;
		};
		55116F511AF86126005D199B /* Sources */ = {
			isa = PBXSourcesBuildPhase;
			buildActionMask = 2147483647;
			files = (
				55116F5C1AF86126005D199B /* RottenTomatoesTests.swift in Sources */,
			);
			runOnlyForDeploymentPostprocessing = 0;
		};
/* End PBXSourcesBuildPhase section */

/* Begin PBXTargetDependency section */
		55116F571AF86126005D199B /* PBXTargetDependency */ = {
			isa = PBXTargetDependency;
			target = 55116F3F1AF86126005D199B /* RottenTomatoes */;
			targetProxy = 55116F561AF86126005D199B /* PBXContainerItemProxy */;
		};
/* End PBXTargetDependency section */

/* Begin PBXVariantGroup section */
		55116F491AF86126005D199B /* Main.storyboard */ = {
			isa = PBXVariantGroup;
			children = (
				55116F4A1AF86126005D199B /* Base */,
			);
			name = Main.storyboard;
			sourceTree = "<group>";
		};
		55116F4E1AF86126005D199B /* LaunchScreen.xib */ = {
			isa = PBXVariantGroup;
			children = (
				55116F4F1AF86126005D199B /* Base */,
			);
			name = LaunchScreen.xib;
			sourceTree = "<group>";
		};
/* End PBXVariantGroup section */

/* Begin XCBuildConfiguration section */
		55116F5D1AF86126005D199B /* Debug */ = {
			isa = XCBuildConfiguration;
			buildSettings = {
				ALWAYS_SEARCH_USER_PATHS = NO;
				CLANG_CXX_LANGUAGE_STANDARD = "gnu++0x";
				CLANG_CXX_LIBRARY = "libc++";
				CLANG_ENABLE_MODULES = YES;
				CLANG_ENABLE_OBJC_ARC = YES;
				CLANG_WARN_BOOL_CONVERSION = YES;
				CLANG_WARN_CONSTANT_CONVERSION = YES;
				CLANG_WARN_DIRECT_OBJC_ISA_USAGE = YES_ERROR;
				CLANG_WARN_EMPTY_BODY = YES;
				CLANG_WARN_ENUM_CONVERSION = YES;
				CLANG_WARN_INT_CONVERSION = YES;
				CLANG_WARN_OBJC_ROOT_CLASS = YES_ERROR;
				CLANG_WARN_UNREACHABLE_CODE = YES;
				CLANG_WARN__DUPLICATE_METHOD_MATCH = YES;
				"CODE_SIGN_IDENTITY[sdk=iphoneos*]" = "iPhone Developer";
				COPY_PHASE_STRIP = NO;
				DEBUG_INFORMATION_FORMAT = "dwarf-with-dsym";
				ENABLE_STRICT_OBJC_MSGSEND = YES;
				GCC_C_LANGUAGE_STANDARD = gnu99;
				GCC_DYNAMIC_NO_PIC = NO;
				GCC_NO_COMMON_BLOCKS = YES;
				GCC_OPTIMIZATION_LEVEL = 0;
				GCC_PREPROCESSOR_DEFINITIONS = (
					"DEBUG=1",
					"$(inherited)",
				);
				GCC_SYMBOLS_PRIVATE_EXTERN = NO;
				GCC_WARN_64_TO_32_BIT_CONVERSION = YES;
				GCC_WARN_ABOUT_RETURN_TYPE = YES_ERROR;
				GCC_WARN_UNDECLARED_SELECTOR = YES;
				GCC_WARN_UNINITIALIZED_AUTOS = YES_AGGRESSIVE;
				GCC_WARN_UNUSED_FUNCTION = YES;
				GCC_WARN_UNUSED_VARIABLE = YES;
				IPHONEOS_DEPLOYMENT_TARGET = 8.3;
				MTL_ENABLE_DEBUG_INFO = YES;
				ONLY_ACTIVE_ARCH = YES;
				OTHER_LDFLAGS = "";
				SDKROOT = iphoneos;
				SWIFT_OPTIMIZATION_LEVEL = "-Onone";
				TARGETED_DEVICE_FAMILY = "1,2";
			};
			name = Debug;
		};
		55116F5E1AF86126005D199B /* Release */ = {
			isa = XCBuildConfiguration;
			buildSettings = {
				ALWAYS_SEARCH_USER_PATHS = NO;
				CLANG_CXX_LANGUAGE_STANDARD = "gnu++0x";
				CLANG_CXX_LIBRARY = "libc++";
				CLANG_ENABLE_MODULES = YES;
				CLANG_ENABLE_OBJC_ARC = YES;
				CLANG_WARN_BOOL_CONVERSION = YES;
				CLANG_WARN_CONSTANT_CONVERSION = YES;
				CLANG_WARN_DIRECT_OBJC_ISA_USAGE = YES_ERROR;
				CLANG_WARN_EMPTY_BODY = YES;
				CLANG_WARN_ENUM_CONVERSION = YES;
				CLANG_WARN_INT_CONVERSION = YES;
				CLANG_WARN_OBJC_ROOT_CLASS = YES_ERROR;
				CLANG_WARN_UNREACHABLE_CODE = YES;
				CLANG_WARN__DUPLICATE_METHOD_MATCH = YES;
				"CODE_SIGN_IDENTITY[sdk=iphoneos*]" = "iPhone Developer";
				COPY_PHASE_STRIP = NO;
				DEBUG_INFORMATION_FORMAT = "dwarf-with-dsym";
				ENABLE_NS_ASSERTIONS = NO;
				ENABLE_STRICT_OBJC_MSGSEND = YES;
				GCC_C_LANGUAGE_STANDARD = gnu99;
				GCC_NO_COMMON_BLOCKS = YES;
				GCC_WARN_64_TO_32_BIT_CONVERSION = YES;
				GCC_WARN_ABOUT_RETURN_TYPE = YES_ERROR;
				GCC_WARN_UNDECLARED_SELECTOR = YES;
				GCC_WARN_UNINITIALIZED_AUTOS = YES_AGGRESSIVE;
				GCC_WARN_UNUSED_FUNCTION = YES;
				GCC_WARN_UNUSED_VARIABLE = YES;
				IPHONEOS_DEPLOYMENT_TARGET = 8.3;
				MTL_ENABLE_DEBUG_INFO = NO;
				OTHER_LDFLAGS = "";
				SDKROOT = iphoneos;
				TARGETED_DEVICE_FAMILY = "1,2";
				VALIDATE_PRODUCT = YES;
			};
			name = Release;
		};
		55116F601AF86126005D199B /* Debug */ = {
			isa = XCBuildConfiguration;
			baseConfigurationReference = B1E4D4D6A49B9906954D7BC1 /* Pods-RottenTomatoes.debug.xcconfig */;
			buildSettings = {
				ASSETCATALOG_COMPILER_APPICON_NAME = AppIcon;
				CLANG_ENABLE_MODULES = YES;
				INFOPLIST_FILE = RottenTomatoes/Info.plist;
				LD_RUNPATH_SEARCH_PATHS = "$(inherited) @executable_path/Frameworks";
				PRODUCT_NAME = "$(TARGET_NAME)";
				SWIFT_OBJC_BRIDGING_HEADER = "RottenTomatoes/RottenTomatoes-Bridging-Header.h";
				SWIFT_OPTIMIZATION_LEVEL = "-Onone";
			};
			name = Debug;
		};
		55116F611AF86126005D199B /* Release */ = {
			isa = XCBuildConfiguration;
			baseConfigurationReference = F5B7B171DEBF618A19005012 /* Pods-RottenTomatoes.release.xcconfig */;
			buildSettings = {
				ASSETCATALOG_COMPILER_APPICON_NAME = AppIcon;
				CLANG_ENABLE_MODULES = YES;
				INFOPLIST_FILE = RottenTomatoes/Info.plist;
				LD_RUNPATH_SEARCH_PATHS = "$(inherited) @executable_path/Frameworks";
				PRODUCT_NAME = "$(TARGET_NAME)";
				SWIFT_OBJC_BRIDGING_HEADER = "RottenTomatoes/RottenTomatoes-Bridging-Header.h";
			};
			name = Release;
		};
		55116F631AF86126005D199B /* Debug */ = {
			isa = XCBuildConfiguration;
			buildSettings = {
				BUNDLE_LOADER = "$(TEST_HOST)";
				FRAMEWORK_SEARCH_PATHS = (
					"$(SDKROOT)/Developer/Library/Frameworks",
					"$(inherited)",
				);
				GCC_PREPROCESSOR_DEFINITIONS = (
					"DEBUG=1",
					"$(inherited)",
				);
				INFOPLIST_FILE = RottenTomatoesTests/Info.plist;
				LD_RUNPATH_SEARCH_PATHS = "$(inherited) @executable_path/Frameworks @loader_path/Frameworks";
				PRODUCT_NAME = "$(TARGET_NAME)";
				TEST_HOST = "$(BUILT_PRODUCTS_DIR)/RottenTomatoes.app/RottenTomatoes";
			};
			name = Debug;
		};
		55116F641AF86126005D199B /* Release */ = {
			isa = XCBuildConfiguration;
			buildSettings = {
				BUNDLE_LOADER = "$(TEST_HOST)";
				FRAMEWORK_SEARCH_PATHS = (
					"$(SDKROOT)/Developer/Library/Frameworks",
					"$(inherited)",
				);
				INFOPLIST_FILE = RottenTomatoesTests/Info.plist;
				LD_RUNPATH_SEARCH_PATHS = "$(inherited) @executable_path/Frameworks @loader_path/Frameworks";
				PRODUCT_NAME = "$(TARGET_NAME)";
				TEST_HOST = "$(BUILT_PRODUCTS_DIR)/RottenTomatoes.app/RottenTomatoes";
			};
			name = Release;
		};
/* End XCBuildConfiguration section */

/* Begin XCConfigurationList section */
		55116F3B1AF86126005D199B /* Build configuration list for PBXProject "RottenTomatoes" */ = {
			isa = XCConfigurationList;
			buildConfigurations = (
				55116F5D1AF86126005D199B /* Debug */,
				55116F5E1AF86126005D199B /* Release */,
			);
			defaultConfigurationIsVisible = 0;
			defaultConfigurationName = Release;
		};
		55116F5F1AF86126005D199B /* Build configuration list for PBXNativeTarget "RottenTomatoes" */ = {
			isa = XCConfigurationList;
			buildConfigurations = (
				55116F601AF86126005D199B /* Debug */,
				55116F611AF86126005D199B /* Release */,
			);
			defaultConfigurationIsVisible = 0;
			defaultConfigurationName = Release;
		};
		55116F621AF86126005D199B /* Build configuration list for PBXNativeTarget "RottenTomatoesTests" */ = {
			isa = XCConfigurationList;
			buildConfigurations = (
				55116F631AF86126005D199B /* Debug */,
				55116F641AF86126005D199B /* Release */,
			);
			defaultConfigurationIsVisible = 0;
			defaultConfigurationName = Release;
		};
/* End XCConfigurationList section */
	};
	rootObject = 55116F381AF86126005D199B /* Project object */;
}
